
Microsoft Visual Studio Solution File, Format Version 12.00
# Visual Studio Version 17
VisualStudioVersion = 17.3.32505.426
MinimumVisualStudioVersion = 10.0.40219.1
Project("{FAE04EC0-301F-11D3-BF4B-00C04F79EFBC}") = "WetherProcessor", "WetherProcessor\WetherProcessor.csproj", "{AC71797A-6F0A-4D7F-B1EC-A50E7C2A8359}"
EndProject
Global
	GlobalSection(SolutionConfigurationPlatforms) = preSolution
		Debug|Any CPU = Debug|Any CPU
		Release|Any CPU = Release|Any CPU
	EndGlobalSection
	GlobalSection(ProjectConfigurationPlatforms) = postSolution
		{AC71797A-6F0A-4D7F-B1EC-A50E7C2A8359}.Debug|Any CPU.ActiveCfg = Debug|Any CPU
		{AC71797A-6F0A-4D7F-B1EC-A50E7C2A8359}.Debug|Any CPU.Build.0 = Debug|Any CPU
		{AC71797A-6F0A-4D7F-B1EC-A50E7C2A8359}.Release|Any CPU.ActiveCfg = Release|Any CPU
		{AC71797A-6F0A-4D7F-B1EC-A50E7C2A8359}.Release|Any CPU.Build.0 = Release|Any CPU
	EndGlobalSection
	GlobalSection(SolutionProperties) = preSolution
		HideSolutionNode = FALSE
	EndGlobalSection
	GlobalSection(ExtensibilityGlobals) = postSolution
		SolutionGuid = {714C7ECB-9984-4D83-845A-64206C7BDAC2}
	EndGlobalSection
EndGlobal
